
Microsoft Visual Studio Solution File, Format Version 12.00
# Visual Studio 15
Project("{FAE04EC0-301F-11D3-BF4B-00C04F79EFBC}") = "CFXRRuntime", "CFXRRuntime.csproj", "{3B17DC8B-72BB-3394-5DA2-7FC747B6AE61}"
EndProject
Project("{FAE04EC0-301F-11D3-BF4B-00C04F79EFBC}") = "Assembly-CSharp", "Assembly-CSharp.csproj", "{2E723BC0-25CE-4213-E973-64F080D3B82D}"
EndProject
Project("{FAE04EC0-301F-11D3-BF4B-00C04F79EFBC}") = "PathCreator", "PathCreator.csproj", "{EC904630-6532-DD11-4472-C53453A4DC65}"
EndProject
Project("{FAE04EC0-301F-11D3-BF4B-00C04F79EFBC}") = "CFXRDemo", "CFXRDemo.csproj", "{89D7505B-DCB8-17BF-EB6F-7D257B35214C}"
EndProject
Project("{FAE04EC0-301F-11D3-BF4B-00C04F79EFBC}") = "Assembly-CSharp-firstpass", "Assembly-CSharp-firstpass.csproj", "{4A6852DE-E22E-A590-8726-43674BD6937D}"
EndProject
Project("{FAE04EC0-301F-11D3-BF4B-00C04F79EFBC}") = "Unity.PlayerPrefsEditor.Samples.SampleScene", "Unity.PlayerPrefsEditor.Samples.SampleScene.csproj", "{DFA32F42-EBF2-A27F-04B7-024AB42BFAD1}"
EndProject
Project("{FAE04EC0-301F-11D3-BF4B-00C04F79EFBC}") = "GoogleMobileAds.Editor", "GoogleMobileAds.Editor.csproj", "{793B396C-51E6-63D1-C10B-748E18FB706D}"
EndProject
Project("{FAE04EC0-301F-11D3-BF4B-00C04F79EFBC}") = "Assembly-CSharp-Editor", "Assembly-CSharp-Editor.csproj", "{2CF999B5-B896-2DE4-131D-7361343A82D4}"
EndProject
Project("{FAE04EC0-301F-11D3-BF4B-00C04F79EFBC}") = "Unity.PlayerPrefsEditor.Editor", "Unity.PlayerPrefsEditor.Editor.csproj", "{8A76E37B-5D8B-9728-5E4B-C1CF91D1F694}"
EndProject
Project("{FAE04EC0-301F-11D3-BF4B-00C04F79EFBC}") = "PathCreatorEditor", "PathCreatorEditor.csproj", "{26F11161-8B9E-0C9A-BBDE-E63C0020AF16}"
EndProject
Project("{FAE04EC0-301F-11D3-BF4B-00C04F79EFBC}") = "Unity.PlayerPrefsEditor.EditorResources", "Unity.PlayerPrefsEditor.EditorResources.csproj", "{E57F5D45-CC48-C0A0-69EC-0B98736FDC80}"
EndProject
Project("{FAE04EC0-301F-11D3-BF4B-00C04F79EFBC}") = "CFXREditor", "CFXREditor.csproj", "{1B93C389-27FD-3AFB-10D9-8B58A9C4CD89}"
EndProject
Project("{FAE04EC0-301F-11D3-BF4B-00C04F79EFBC}") = "CFXRDemoEditor", "CFXRDemoEditor.csproj", "{8B6072D1-A9B4-7AE0-FA08-176B0A1CC707}"
EndProject
Project("{FAE04EC0-301F-11D3-BF4B-00C04F79EFBC}") = "Unity.Recorder.Samples.Editor", "Unity.Recorder.Samples.Editor.csproj", "{9B2C3075-7DC9-5DF2-203A-3EC5F4BBC5C6}"
EndProject
Global
	GlobalSection(SolutionConfigurationPlatforms) = preSolution
		Debug|Any CPU = Debug|Any CPU
		Release|Any CPU = Release|Any CPU
	EndGlobalSection
	GlobalSection(ProjectConfigurationPlatforms) = postSolution
		{3B17DC8B-72BB-3394-5DA2-7FC747B6AE61}.Debug|Any CPU.ActiveCfg = Debug|Any CPU
		{3B17DC8B-72BB-3394-5DA2-7FC747B6AE61}.Debug|Any CPU.Build.0 = Debug|Any CPU
		{3B17DC8B-72BB-3394-5DA2-7FC747B6AE61}.Release|Any CPU.ActiveCfg = Release|Any CPU
		{3B17DC8B-72BB-3394-5DA2-7FC747B6AE61}.Release|Any CPU.Build.0 = Release|Any CPU
		{2E723BC0-25CE-4213-E973-64F080D3B82D}.Debug|Any CPU.ActiveCfg = Debug|Any CPU
		{2E723BC0-25CE-4213-E973-64F080D3B82D}.Debug|Any CPU.Build.0 = Debug|Any CPU
		{2E723BC0-25CE-4213-E973-64F080D3B82D}.Release|Any CPU.ActiveCfg = Release|Any CPU
		{2E723BC0-25CE-4213-E973-64F080D3B82D}.Release|Any CPU.Build.0 = Release|Any CPU
		{EC904630-6532-DD11-4472-C53453A4DC65}.Debug|Any CPU.ActiveCfg = Debug|Any CPU
		{EC904630-6532-DD11-4472-C53453A4DC65}.Debug|Any CPU.Build.0 = Debug|Any CPU
		{EC904630-6532-DD11-4472-C53453A4DC65}.Release|Any CPU.ActiveCfg = Release|Any CPU
		{EC904630-6532-DD11-4472-C53453A4DC65}.Release|Any CPU.Build.0 = Release|Any CPU
		{89D7505B-DCB8-17BF-EB6F-7D257B35214C}.Debug|Any CPU.ActiveCfg = Debug|Any CPU
		{89D7505B-DCB8-17BF-EB6F-7D257B35214C}.Debug|Any CPU.Build.0 = Debug|Any CPU
		{89D7505B-DCB8-17BF-EB6F-7D257B35214C}.Release|Any CPU.ActiveCfg = Release|Any CPU
		{89D7505B-DCB8-17BF-EB6F-7D257B35214C}.Release|Any CPU.Build.0 = Release|Any CPU
		{4A6852DE-E22E-A590-8726-43674BD6937D}.Debug|Any CPU.ActiveCfg = Debug|Any CPU
		{4A6852DE-E22E-A590-8726-43674BD6937D}.Debug|Any CPU.Build.0 = Debug|Any CPU
		{4A6852DE-E22E-A590-8726-43674BD6937D}.Release|Any CPU.ActiveCfg = Release|Any CPU
		{4A6852DE-E22E-A590-8726-43674BD6937D}.Release|Any CPU.Build.0 = Release|Any CPU
		{DFA32F42-EBF2-A27F-04B7-024AB42BFAD1}.Debug|Any CPU.ActiveCfg = Debug|Any CPU
		{DFA32F42-EBF2-A27F-04B7-024AB42BFAD1}.Debug|Any CPU.Build.0 = Debug|Any CPU
		{DFA32F42-EBF2-A27F-04B7-024AB42BFAD1}.Release|Any CPU.ActiveCfg = Release|Any CPU
		{DFA32F42-EBF2-A27F-04B7-024AB42BFAD1}.Release|Any CPU.Build.0 = Release|Any CPU
		{793B396C-51E6-63D1-C10B-748E18FB706D}.Debug|Any CPU.ActiveCfg = Debug|Any CPU
		{793B396C-51E6-63D1-C10B-748E18FB706D}.Debug|Any CPU.Build.0 = Debug|Any CPU
		{793B396C-51E6-63D1-C10B-748E18FB706D}.Release|Any CPU.ActiveCfg = Release|Any CPU
		{793B396C-51E6-63D1-C10B-748E18FB706D}.Release|Any CPU.Build.0 = Release|Any CPU
		{2CF999B5-B896-2DE4-131D-7361343A82D4}.Debug|Any CPU.ActiveCfg = Debug|Any CPU
		{2CF999B5-B896-2DE4-131D-7361343A82D4}.Debug|Any CPU.Build.0 = Debug|Any CPU
		{2CF999B5-B896-2DE4-131D-7361343A82D4}.Release|Any CPU.ActiveCfg = Release|Any CPU
		{2CF999B5-B896-2DE4-131D-7361343A82D4}.Release|Any CPU.Build.0 = Release|Any CPU
		{8A76E37B-5D8B-9728-5E4B-C1CF91D1F694}.Debug|Any CPU.ActiveCfg = Debug|Any CPU
		{8A76E37B-5D8B-9728-5E4B-C1CF91D1F694}.Debug|Any CPU.Build.0 = Debug|Any CPU
		{8A76E37B-5D8B-9728-5E4B-C1CF91D1F694}.Release|Any CPU.ActiveCfg = Release|Any CPU
		{8A76E37B-5D8B-9728-5E4B-C1CF91D1F694}.Release|Any CPU.Build.0 = Release|Any CPU
		{26F11161-8B9E-0C9A-BBDE-E63C0020AF16}.Debug|Any CPU.ActiveCfg = Debug|Any CPU
		{26F11161-8B9E-0C9A-BBDE-E63C0020AF16}.Debug|Any CPU.Build.0 = Debug|Any CPU
		{26F11161-8B9E-0C9A-BBDE-E63C0020AF16}.Release|Any CPU.ActiveCfg = Release|Any CPU
		{26F11161-8B9E-0C9A-BBDE-E63C0020AF16}.Release|Any CPU.Build.0 = Release|Any CPU
		{E57F5D45-CC48-C0A0-69EC-0B98736FDC80}.Debug|Any CPU.ActiveCfg = Debug|Any CPU
		{E57F5D45-CC48-C0A0-69EC-0B98736FDC80}.Debug|Any CPU.Build.0 = Debug|Any CPU
		{E57F5D45-CC48-C0A0-69EC-0B98736FDC80}.Release|Any CPU.ActiveCfg = Release|Any CPU
		{E57F5D45-CC48-C0A0-69EC-0B98736FDC80}.Release|Any CPU.Build.0 = Release|Any CPU
		{1B93C389-27FD-3AFB-10D9-8B58A9C4CD89}.Debug|Any CPU.ActiveCfg = Debug|Any CPU
		{1B93C389-27FD-3AFB-10D9-8B58A9C4CD89}.Debug|Any CPU.Build.0 = Debug|Any CPU
		{1B93C389-27FD-3AFB-10D9-8B58A9C4CD89}.Release|Any CPU.ActiveCfg = Release|Any CPU
		{1B93C389-27FD-3AFB-10D9-8B58A9C4CD89}.Release|Any CPU.Build.0 = Release|Any CPU
		{8B6072D1-A9B4-7AE0-FA08-176B0A1CC707}.Debug|Any CPU.ActiveCfg = Debug|Any CPU
		{8B6072D1-A9B4-7AE0-FA08-176B0A1CC707}.Debug|Any CPU.Build.0 = Debug|Any CPU
		{8B6072D1-A9B4-7AE0-FA08-176B0A1CC707}.Release|Any CPU.ActiveCfg = Release|Any CPU
		{8B6072D1-A9B4-7AE0-FA08-176B0A1CC707}.Release|Any CPU.Build.0 = Release|Any CPU
		{9B2C3075-7DC9-5DF2-203A-3EC5F4BBC5C6}.Debug|Any CPU.ActiveCfg = Debug|Any CPU
		{9B2C3075-7DC9-5DF2-203A-3EC5F4BBC5C6}.Debug|Any CPU.Build.0 = Debug|Any CPU
		{9B2C3075-7DC9-5DF2-203A-3EC5F4BBC5C6}.Release|Any CPU.ActiveCfg = Release|Any CPU
		{9B2C3075-7DC9-5DF2-203A-3EC5F4BBC5C6}.Release|Any CPU.Build.0 = Release|Any CPU
	EndGlobalSection
	GlobalSection(SolutionProperties) = preSolution
		HideSolutionNode = FALSE
	EndGlobalSection
EndGlobal
